
Microsoft Visual Studio Solution File, Format Version 12.00
# Visual Studio 15
VisualStudioVersion = 15.0.27130.2010
MinimumVisualStudioVersion = 10.0.40219.1
Project("{9A19103F-16F7-4668-BE54-9A1E7A4F7556}") = "Monitor.Abstractions", "Monitor.Abstractions\Monitor.Abstractions.csproj", "{41312D6C-220F-4670-A060-2E2451CFD141}"
EndProject
Project("{9A19103F-16F7-4668-BE54-9A1E7A4F7556}") = "Monitor.NotifyClients.Email", "Monitor.NotifyClients.Email\Monitor.NotifyClients.Email.csproj", "{6EBC7243-EB66-4C4E-AE32-B495F489C87D}"
EndProject
Project("{9A19103F-16F7-4668-BE54-9A1E7A4F7556}") = "Monitor.NotifyClients.Http", "Monitor.NotifyClients.Http\Monitor.NotifyClients.Http.csproj", "{BCE3C71A-494B-4BD1-8CFF-D9700376CC20}"
EndProject
Project("{9A19103F-16F7-4668-BE54-9A1E7A4F7556}") = "Monitor.Plugs.Process", "Monitor.Plugs.Process\Monitor.Plugs.Process.csproj", "{0445E42D-F79D-4BF2-B3C8-3D2E7188975B}"
EndProject
Project("{9A19103F-16F7-4668-BE54-9A1E7A4F7556}") = "Monitor.Plugs.WebSite", "Monitor.Plugs.WebSite\Monitor.Plugs.WebSite.csproj", "{785F2E6F-A374-4A14-8900-99242547618C}"
EndProject
Project("{9A19103F-16F7-4668-BE54-9A1E7A4F7556}") = "MonitorApp", "MonitorApp\MonitorApp.csproj", "{F95E5F74-D3D4-465E-BC61-8A2769C7B8F0}"
EndProject
Project("{9A19103F-16F7-4668-BE54-9A1E7A4F7556}") = "Monitor.Core", "Monitor.Core\Monitor.Core.csproj", "{CA04EF23-E401-4EDC-894B-9FFAF0DA1656}"
EndProject
Project("{9A19103F-16F7-4668-BE54-9A1E7A4F7556}") = "Monitor.Plugs.Service", "Monitor.Plugs.Service\Monitor.Plugs.Service.csproj", "{CD102E56-F4BD-49FF-8325-B73C602EB516}"
EndProject
Project("{9A19103F-16F7-4668-BE54-9A1E7A4F7556}") = "Monitor.Plugs.DriveInfo", "Monitor.Plugs.DriveInfo\Monitor.Plugs.DriveInfo.csproj", "{D2000E41-A5E5-4E2C-9D89-64B0B6DA372E}"
EndProject
Project("{9A19103F-16F7-4668-BE54-9A1E7A4F7556}") = "Monitor.Plugs.Telnet", "Monitor.Plugs.Telnet\Monitor.Plugs.Telnet.csproj", "{3880B07A-C1DB-4D53-B369-592747E116D7}"
EndProject
Project("{FAE04EC0-301F-11D3-BF4B-00C04F79EFBC}") = "Monitor.Plugs.Processor", "Monitor.Plugs.Processor\Monitor.Plugs.Processor.csproj", "{91D82497-882E-47D9-A354-236B243BAF86}"
EndProject
Global
	GlobalSection(SolutionConfigurationPlatforms) = preSolution
		Debug|Any CPU = Debug|Any CPU
		Release|Any CPU = Release|Any CPU
	EndGlobalSection
	GlobalSection(ProjectConfigurationPlatforms) = postSolution
		{41312D6C-220F-4670-A060-2E2451CFD141}.Debug|Any CPU.ActiveCfg = Debug|Any CPU
		{41312D6C-220F-4670-A060-2E2451CFD141}.Debug|Any CPU.Build.0 = Debug|Any CPU
		{41312D6C-220F-4670-A060-2E2451CFD141}.Release|Any CPU.ActiveCfg = Release|Any CPU
		{41312D6C-220F-4670-A060-2E2451CFD141}.Release|Any CPU.Build.0 = Release|Any CPU
		{6EBC7243-EB66-4C4E-AE32-B495F489C87D}.Debug|Any CPU.ActiveCfg = Debug|Any CPU
		{6EBC7243-EB66-4C4E-AE32-B495F489C87D}.Debug|Any CPU.Build.0 = Debug|Any CPU
		{6EBC7243-EB66-4C4E-AE32-B495F489C87D}.Release|Any CPU.ActiveCfg = Release|Any CPU
		{6EBC7243-EB66-4C4E-AE32-B495F489C87D}.Release|Any CPU.Build.0 = Release|Any CPU
		{BCE3C71A-494B-4BD1-8CFF-D9700376CC20}.Debug|Any CPU.ActiveCfg = Debug|Any CPU
		{BCE3C71A-494B-4BD1-8CFF-D9700376CC20}.Debug|Any CPU.Build.0 = Debug|Any CPU
		{BCE3C71A-494B-4BD1-8CFF-D9700376CC20}.Release|Any CPU.ActiveCfg = Release|Any CPU
		{BCE3C71A-494B-4BD1-8CFF-D9700376CC20}.Release|Any CPU.Build.0 = Release|Any CPU
		{0445E42D-F79D-4BF2-B3C8-3D2E7188975B}.Debug|Any CPU.ActiveCfg = Debug|Any CPU
		{0445E42D-F79D-4BF2-B3C8-3D2E7188975B}.Debug|Any CPU.Build.0 = Debug|Any CPU
		{0445E42D-F79D-4BF2-B3C8-3D2E7188975B}.Release|Any CPU.ActiveCfg = Release|Any CPU
		{0445E42D-F79D-4BF2-B3C8-3D2E7188975B}.Release|Any CPU.Build.0 = Release|Any CPU
		{785F2E6F-A374-4A14-8900-99242547618C}.Debug|Any CPU.ActiveCfg = Debug|Any CPU
		{785F2E6F-A374-4A14-8900-99242547618C}.Debug|Any CPU.Build.0 = Debug|Any CPU
		{785F2E6F-A374-4A14-8900-99242547618C}.Release|Any CPU.ActiveCfg = Release|Any CPU
		{785F2E6F-A374-4A14-8900-99242547618C}.Release|Any CPU.Build.0 = Release|Any CPU
		{F95E5F74-D3D4-465E-BC61-8A2769C7B8F0}.Debug|Any CPU.ActiveCfg = Debug|Any CPU
		{F95E5F74-D3D4-465E-BC61-8A2769C7B8F0}.Debug|Any CPU.Build.0 = Debug|Any CPU
		{F95E5F74-D3D4-465E-BC61-8A2769C7B8F0}.Release|Any CPU.ActiveCfg = Release|Any CPU
		{F95E5F74-D3D4-465E-BC61-8A2769C7B8F0}.Release|Any CPU.Build.0 = Release|Any CPU
		{CA04EF23-E401-4EDC-894B-9FFAF0DA1656}.Debug|Any CPU.ActiveCfg = Debug|Any CPU
		{CA04EF23-E401-4EDC-894B-9FFAF0DA1656}.Debug|Any CPU.Build.0 = Debug|Any CPU
		{CA04EF23-E401-4EDC-894B-9FFAF0DA1656}.Release|Any CPU.ActiveCfg = Release|Any CPU
		{CA04EF23-E401-4EDC-894B-9FFAF0DA1656}.Release|Any CPU.Build.0 = Release|Any CPU
		{CD102E56-F4BD-49FF-8325-B73C602EB516}.Debug|Any CPU.ActiveCfg = Debug|Any CPU
		{CD102E56-F4BD-49FF-8325-B73C602EB516}.Debug|Any CPU.Build.0 = Debug|Any CPU
		{CD102E56-F4BD-49FF-8325-B73C602EB516}.Release|Any CPU.ActiveCfg = Release|Any CPU
		{CD102E56-F4BD-49FF-8325-B73C602EB516}.Release|Any CPU.Build.0 = Release|Any CPU
		{D2000E41-A5E5-4E2C-9D89-64B0B6DA372E}.Debug|Any CPU.ActiveCfg = Debug|Any CPU
		{D2000E41-A5E5-4E2C-9D89-64B0B6DA372E}.Debug|Any CPU.Build.0 = Debug|Any CPU
		{D2000E41-A5E5-4E2C-9D89-64B0B6DA372E}.Release|Any CPU.ActiveCfg = Release|Any CPU
		{D2000E41-A5E5-4E2C-9D89-64B0B6DA372E}.Release|Any CPU.Build.0 = Release|Any CPU
		{3880B07A-C1DB-4D53-B369-592747E116D7}.Debug|Any CPU.ActiveCfg = Debug|Any CPU
		{3880B07A-C1DB-4D53-B369-592747E116D7}.Debug|Any CPU.Build.0 = Debug|Any CPU
		{3880B07A-C1DB-4D53-B369-592747E116D7}.Release|Any CPU.ActiveCfg = Release|Any CPU
		{3880B07A-C1DB-4D53-B369-592747E116D7}.Release|Any CPU.Build.0 = Release|Any CPU
		{91D82497-882E-47D9-A354-236B243BAF86}.Debug|Any CPU.ActiveCfg = Debug|Any CPU
		{91D82497-882E-47D9-A354-236B243BAF86}.Debug|Any CPU.Build.0 = Debug|Any CPU
		{91D82497-882E-47D9-A354-236B243BAF86}.Release|Any CPU.ActiveCfg = Release|Any CPU
		{91D82497-882E-47D9-A354-236B243BAF86}.Release|Any CPU.Build.0 = Release|Any CPU
	EndGlobalSection
	GlobalSection(SolutionProperties) = preSolution
		HideSolutionNode = FALSE
	EndGlobalSection
	GlobalSection(ExtensibilityGlobals) = postSolution
		SolutionGuid = {5E404391-ECA0-4630-A133-F43B1A69DA1A}
	EndGlobalSection
EndGlobal
